// !$*UTF8*$!
{
	archiveVersion = 1;
	classes = {
	};
	objectVersion = 51;
	objects = {

/* Begin PBXBuildFile section */
		058ABA5DB0CA05F61669D17B /* Pods_textFieldTask_textFieldTaskUITests.framework in Frameworks */ = {isa = PBXBuildFile; fileRef = F7886D2055950886E33FF6C7 /* Pods_textFieldTask_textFieldTaskUITests.framework */; };
		33C2D6C61E196AA96020411E /* Pods_textFieldTask.framework in Frameworks */ = {isa = PBXBuildFile; fileRef = EE3B83CF76D8D486E065AAB0 /* Pods_textFieldTask.framework */; };
		91F26859CE6B3AC2CFBB3F0D /* Pods_textFieldTaskTests.framework in Frameworks */ = {isa = PBXBuildFile; fileRef = 8A12210534DAB7AC37F8038F /* Pods_textFieldTaskTests.framework */; };
		E10C4C9825BA85CB00311613 /* AppDelegate.swift in Sources */ = {isa = PBXBuildFile; fileRef = E10C4C9725BA85CB00311613 /* AppDelegate.swift */; };
		E10C4C9A25BA85CB00311613 /* SceneDelegate.swift in Sources */ = {isa = PBXBuildFile; fileRef = E10C4C9925BA85CB00311613 /* SceneDelegate.swift */; };
		E10C4C9C25BA85CB00311613 /* ViewController.swift in Sources */ = {isa = PBXBuildFile; fileRef = E10C4C9B25BA85CB00311613 /* ViewController.swift */; };
		E10C4C9F25BA85CB00311613 /* Main.storyboard in Resources */ = {isa = PBXBuildFile; fileRef = E10C4C9D25BA85CB00311613 /* Main.storyboard */; };
		E10C4CA125BA85CD00311613 /* Assets.xcassets in Resources */ = {isa = PBXBuildFile; fileRef = E10C4CA025BA85CD00311613 /* Assets.xcassets */; };
		E10C4CA425BA85CD00311613 /* LaunchScreen.storyboard in Resources */ = {isa = PBXBuildFile; fileRef = E10C4CA225BA85CD00311613 /* LaunchScreen.storyboard */; };
		E10C4CAF25BA85CD00311613 /* textFieldTaskTests.swift in Sources */ = {isa = PBXBuildFile; fileRef = E10C4CAE25BA85CD00311613 /* textFieldTaskTests.swift */; };
		E10C4CBA25BA85CD00311613 /* textFieldTaskUITests.swift in Sources */ = {isa = PBXBuildFile; fileRef = E10C4CB925BA85CD00311613 /* textFieldTaskUITests.swift */; };
		E1298AF625BA994C002B9077 /* storedData.swift in Sources */ = {isa = PBXBuildFile; fileRef = E1298AF525BA994C002B9077 /* storedData.swift */; };
/* End PBXBuildFile section */

/* Begin PBXContainerItemProxy section */
		E10C4CAB25BA85CD00311613 /* PBXContainerItemProxy */ = {
			isa = PBXContainerItemProxy;
			containerPortal = E10C4C8C25BA85CB00311613 /* Project object */;
			proxyType = 1;
			remoteGlobalIDString = E10C4C9325BA85CB00311613;
			remoteInfo = textFieldTask;
		};
		E10C4CB625BA85CD00311613 /* PBXContainerItemProxy */ = {
			isa = PBXContainerItemProxy;
			containerPortal = E10C4C8C25BA85CB00311613 /* Project object */;
			proxyType = 1;
			remoteGlobalIDString = E10C4C9325BA85CB00311613;
			remoteInfo = textFieldTask;
		};
/* End PBXContainerItemProxy section */

/* Begin PBXFileReference section */
		34542AEA48AE744BEE71EDCA /* Pods-textFieldTask.debug.xcconfig */ = {isa = PBXFileReference; includeInIndex = 1; lastKnownFileType = text.xcconfig; name = "Pods-textFieldTask.debug.xcconfig"; path = "Target Support Files/Pods-textFieldTask/Pods-textFieldTask.debug.xcconfig"; sourceTree = "<group>"; };
		72C2C46F430981AC5BD964DA /* Pods-textFieldTaskTests.release.xcconfig */ = {isa = PBXFileReference; includeInIndex = 1; lastKnownFileType = text.xcconfig; name = "Pods-textFieldTaskTests.release.xcconfig"; path = "Target Support Files/Pods-textFieldTaskTests/Pods-textFieldTaskTests.release.xcconfig"; sourceTree = "<group>"; };
		7962C96668BD15DB91F00671 /* Pods-textFieldTask.release.xcconfig */ = {isa = PBXFileReference; includeInIndex = 1; lastKnownFileType = text.xcconfig; name = "Pods-textFieldTask.release.xcconfig"; path = "Target Support Files/Pods-textFieldTask/Pods-textFieldTask.release.xcconfig"; sourceTree = "<group>"; };
		79DC0BEBD354F1C28DA81EDE /* Pods-textFieldTask-textFieldTaskUITests.release.xcconfig */ = {isa = PBXFileReference; includeInIndex = 1; lastKnownFileType = text.xcconfig; name = "Pods-textFieldTask-textFieldTaskUITests.release.xcconfig"; path = "Target Support Files/Pods-textFieldTask-textFieldTaskUITests/Pods-textFieldTask-textFieldTaskUITests.release.xcconfig"; sourceTree = "<group>"; };
		8A12210534DAB7AC37F8038F /* Pods_textFieldTaskTests.framework */ = {isa = PBXFileReference; explicitFileType = wrapper.framework; includeInIndex = 0; path = Pods_textFieldTaskTests.framework; sourceTree = BUILT_PRODUCTS_DIR; };
		B71E126867A01F753DEBB3D0 /* Pods-textFieldTaskTests.debug.xcconfig */ = {isa = PBXFileReference; includeInIndex = 1; lastKnownFileType = text.xcconfig; name = "Pods-textFieldTaskTests.debug.xcconfig"; path = "Target Support Files/Pods-textFieldTaskTests/Pods-textFieldTaskTests.debug.xcconfig"; sourceTree = "<group>"; };
		BBEFDFA740F950ADD2E3862D /* Pods-textFieldTask-textFieldTaskUITests.debug.xcconfig */ = {isa = PBXFileReference; includeInIndex = 1; lastKnownFileType = text.xcconfig; name = "Pods-textFieldTask-textFieldTaskUITests.debug.xcconfig"; path = "Target Support Files/Pods-textFieldTask-textFieldTaskUITests/Pods-textFieldTask-textFieldTaskUITests.debug.xcconfig"; sourceTree = "<group>"; };
		E10C4C9425BA85CB00311613 /* textFieldTask.app */ = {isa = PBXFileReference; explicitFileType = wrapper.application; includeInIndex = 0; path = textFieldTask.app; sourceTree = BUILT_PRODUCTS_DIR; };
		E10C4C9725BA85CB00311613 /* AppDelegate.swift */ = {isa = PBXFileReference; lastKnownFileType = sourcecode.swift; path = AppDelegate.swift; sourceTree = "<group>"; };
		E10C4C9925BA85CB00311613 /* SceneDelegate.swift */ = {isa = PBXFileReference; lastKnownFileType = sourcecode.swift; path = SceneDelegate.swift; sourceTree = "<group>"; };
		E10C4C9B25BA85CB00311613 /* ViewController.swift */ = {isa = PBXFileReference; lastKnownFileType = sourcecode.swift; path = ViewController.swift; sourceTree = "<group>"; };
		E10C4C9E25BA85CB00311613 /* Base */ = {isa = PBXFileReference; lastKnownFileType = file.storyboard; name = Base; path = Base.lproj/Main.storyboard; sourceTree = "<group>"; };
		E10C4CA025BA85CD00311613 /* Assets.xcassets */ = {isa = PBXFileReference; lastKnownFileType = folder.assetcatalog; path = Assets.xcassets; sourceTree = "<group>"; };
		E10C4CA325BA85CD00311613 /* Base */ = {isa = PBXFileReference; lastKnownFileType = file.storyboard; name = Base; path = Base.lproj/LaunchScreen.storyboard; sourceTree = "<group>"; };
		E10C4CA525BA85CD00311613 /* Info.plist */ = {isa = PBXFileReference; lastKnownFileType = text.plist.xml; path = Info.plist; sourceTree = "<group>"; };
		E10C4CAA25BA85CD00311613 /* textFieldTaskTests.xctest */ = {isa = PBXFileReference; explicitFileType = wrapper.cfbundle; includeInIndex = 0; path = textFieldTaskTests.xctest; sourceTree = BUILT_PRODUCTS_DIR; };
		E10C4CAE25BA85CD00311613 /* textFieldTaskTests.swift */ = {isa = PBXFileReference; lastKnownFileType = sourcecode.swift; path = textFieldTaskTests.swift; sourceTree = "<group>"; };
		E10C4CB025BA85CD00311613 /* Info.plist */ = {isa = PBXFileReference; lastKnownFileType = text.plist.xml; path = Info.plist; sourceTree = "<group>"; };
		E10C4CB525BA85CD00311613 /* textFieldTaskUITests.xctest */ = {isa = PBXFileReference; explicitFileType = wrapper.cfbundle; includeInIndex = 0; path = textFieldTaskUITests.xctest; sourceTree = BUILT_PRODUCTS_DIR; };
		E10C4CB925BA85CD00311613 /* textFieldTaskUITests.swift */ = {isa = PBXFileReference; lastKnownFileType = sourcecode.swift; path = textFieldTaskUITests.swift; sourceTree = "<group>"; };
		E10C4CBB25BA85CD00311613 /* Info.plist */ = {isa = PBXFileReference; lastKnownFileType = text.plist.xml; path = Info.plist; sourceTree = "<group>"; };
		E1298AF525BA994C002B9077 /* storedData.swift */ = {isa = PBXFileReference; lastKnownFileType = sourcecode.swift; path = storedData.swift; sourceTree = "<group>"; };
		EE3B83CF76D8D486E065AAB0 /* Pods_textFieldTask.framework */ = {isa = PBXFileReference; explicitFileType = wrapper.framework; includeInIndex = 0; path = Pods_textFieldTask.framework; sourceTree = BUILT_PRODUCTS_DIR; };
		F7886D2055950886E33FF6C7 /* Pods_textFieldTask_textFieldTaskUITests.framework */ = {isa = PBXFileReference; explicitFileType = wrapper.framework; includeInIndex = 0; path = Pods_textFieldTask_textFieldTaskUITests.framework; sourceTree = BUILT_PRODUCTS_DIR; };
/* End PBXFileReference section */

/* Begin PBXFrameworksBuildPhase section */
		E10C4C9125BA85CB00311613 /* Frameworks */ = {
			isa = PBXFrameworksBuildPhase;
			buildActionMask = 2147483647;
			files = (
				33C2D6C61E196AA96020411E /* Pods_textFieldTask.framework in Frameworks */,
			);
			runOnlyForDeploymentPostprocessing = 0;
		};
		E10C4CA725BA85CD00311613 /* Frameworks */ = {
			isa = PBXFrameworksBuildPhase;
			buildActionMask = 2147483647;
			files = (
				91F26859CE6B3AC2CFBB3F0D /* Pods_textFieldTaskTests.framework in Frameworks */,
			);
			runOnlyForDeploymentPostprocessing = 0;
		};
		E10C4CB225BA85CD00311613 /* Frameworks */ = {
			isa = PBXFrameworksBuildPhase;
			buildActionMask = 2147483647;
			files = (
				058ABA5DB0CA05F61669D17B /* Pods_textFieldTask_textFieldTaskUITests.framework in Frameworks */,
			);
			runOnlyForDeploymentPostprocessing = 0;
		};
/* End PBXFrameworksBuildPhase section */

/* Begin PBXGroup section */
		12CF7E54DB54834852741150 /* Frameworks */ = {
			isa = PBXGroup;
			children = (
				EE3B83CF76D8D486E065AAB0 /* Pods_textFieldTask.framework */,
				F7886D2055950886E33FF6C7 /* Pods_textFieldTask_textFieldTaskUITests.framework */,
				8A12210534DAB7AC37F8038F /* Pods_textFieldTaskTests.framework */,
			);
			name = Frameworks;
			sourceTree = "<group>";
		};
		205CA9B447B578FD9AB0B065 /* Pods */ = {
			isa = PBXGroup;
			children = (
				34542AEA48AE744BEE71EDCA /* Pods-textFieldTask.debug.xcconfig */,
				7962C96668BD15DB91F00671 /* Pods-textFieldTask.release.xcconfig */,
				BBEFDFA740F950ADD2E3862D /* Pods-textFieldTask-textFieldTaskUITests.debug.xcconfig */,
				79DC0BEBD354F1C28DA81EDE /* Pods-textFieldTask-textFieldTaskUITests.release.xcconfig */,
				B71E126867A01F753DEBB3D0 /* Pods-textFieldTaskTests.debug.xcconfig */,
				72C2C46F430981AC5BD964DA /* Pods-textFieldTaskTests.release.xcconfig */,
			);
			path = Pods;
			sourceTree = "<group>";
		};
		E10C4C8B25BA85CB00311613 = {
			isa = PBXGroup;
			children = (
				E10C4C9625BA85CB00311613 /* textFieldTask */,
				E10C4CAD25BA85CD00311613 /* textFieldTaskTests */,
				E10C4CB825BA85CD00311613 /* textFieldTaskUITests */,
				E10C4C9525BA85CB00311613 /* Products */,
				205CA9B447B578FD9AB0B065 /* Pods */,
				12CF7E54DB54834852741150 /* Frameworks */,
			);
			sourceTree = "<group>";
		};
		E10C4C9525BA85CB00311613 /* Products */ = {
			isa = PBXGroup;
			children = (
				E10C4C9425BA85CB00311613 /* textFieldTask.app */,
				E10C4CAA25BA85CD00311613 /* textFieldTaskTests.xctest */,
				E10C4CB525BA85CD00311613 /* textFieldTaskUITests.xctest */,
			);
			name = Products;
			sourceTree = "<group>";
		};
		E10C4C9625BA85CB00311613 /* textFieldTask */ = {
			isa = PBXGroup;
			children = (
				E10C4C9725BA85CB00311613 /* AppDelegate.swift */,
				E10C4C9925BA85CB00311613 /* SceneDelegate.swift */,
				E10C4C9B25BA85CB00311613 /* ViewController.swift */,
				E1298AF525BA994C002B9077 /* storedData.swift */,
				E10C4C9D25BA85CB00311613 /* Main.storyboard */,
				E10C4CA025BA85CD00311613 /* Assets.xcassets */,
				E10C4CA225BA85CD00311613 /* LaunchScreen.storyboard */,
				E10C4CA525BA85CD00311613 /* Info.plist */,
			);
			path = textFieldTask;
			sourceTree = "<group>";
		};
		E10C4CAD25BA85CD00311613 /* textFieldTaskTests */ = {
			isa = PBXGroup;
			children = (
				E10C4CAE25BA85CD00311613 /* textFieldTaskTests.swift */,
				E10C4CB025BA85CD00311613 /* Info.plist */,
			);
			path = textFieldTaskTests;
			sourceTree = "<group>";
		};
		E10C4CB825BA85CD00311613 /* textFieldTaskUITests */ = {
			isa = PBXGroup;
			children = (
				E10C4CB925BA85CD00311613 /* textFieldTaskUITests.swift */,
				E10C4CBB25BA85CD00311613 /* Info.plist */,
			);
			path = textFieldTaskUITests;
			sourceTree = "<group>";
		};
/* End PBXGroup section */

/* Begin PBXNativeTarget section */
		E10C4C9325BA85CB00311613 /* textFieldTask */ = {
			isa = PBXNativeTarget;
			buildConfigurationList = E10C4CBE25BA85CD00311613 /* Build configuration list for PBXNativeTarget "textFieldTask" */;
			buildPhases = (
				879732E883231FAE5EB676FA /* [CP] Check Pods Manifest.lock */,
				E10C4C9025BA85CB00311613 /* Sources */,
				E10C4C9125BA85CB00311613 /* Frameworks */,
				E10C4C9225BA85CB00311613 /* Resources */,
				B4123BA98E50011ABCB5A8EF /* [CP] Embed Pods Frameworks */,
			);
			buildRules = (
			);
			dependencies = (
			);
			name = textFieldTask;
			productName = textFieldTask;
			productReference = E10C4C9425BA85CB00311613 /* textFieldTask.app */;
			productType = "com.apple.product-type.application";
		};
		E10C4CA925BA85CD00311613 /* textFieldTaskTests */ = {
			isa = PBXNativeTarget;
			buildConfigurationList = E10C4CC125BA85CD00311613 /* Build configuration list for PBXNativeTarget "textFieldTaskTests" */;
			buildPhases = (
				7F6051FA525FDD54EBFBB63C /* [CP] Check Pods Manifest.lock */,
				E10C4CA625BA85CD00311613 /* Sources */,
				E10C4CA725BA85CD00311613 /* Frameworks */,
				E10C4CA825BA85CD00311613 /* Resources */,
			);
			buildRules = (
			);
			dependencies = (
				E10C4CAC25BA85CD00311613 /* PBXTargetDependency */,
			);
			name = textFieldTaskTests;
			productName = textFieldTaskTests;
			productReference = E10C4CAA25BA85CD00311613 /* textFieldTaskTests.xctest */;
			productType = "com.apple.product-type.bundle.unit-test";
		};
		E10C4CB425BA85CD00311613 /* textFieldTaskUITests */ = {
			isa = PBXNativeTarget;
			buildConfigurationList = E10C4CC425BA85CD00311613 /* Build configuration list for PBXNativeTarget "textFieldTaskUITests" */;
			buildPhases = (
				A0A51CE0DC8A727DEF328842 /* [CP] Check Pods Manifest.lock */,
				E10C4CB125BA85CD00311613 /* Sources */,
				E10C4CB225BA85CD00311613 /* Frameworks */,
				E10C4CB325BA85CD00311613 /* Resources */,
				ADC2A5D3FFBE84F86E23EE54 /* [CP] Embed Pods Frameworks */,
			);
			buildRules = (
			);
			dependencies = (
				E10C4CB725BA85CD00311613 /* PBXTargetDependency */,
			);
			name = textFieldTaskUITests;
			productName = textFieldTaskUITests;
			productReference = E10C4CB525BA85CD00311613 /* textFieldTaskUITests.xctest */;
			productType = "com.apple.product-type.bundle.ui-testing";
		};
/* End PBXNativeTarget section */

/* Begin PBXProject section */
		E10C4C8C25BA85CB00311613 /* Project object */ = {
			isa = PBXProject;
			attributes = {
				LastSwiftUpdateCheck = 1110;
				LastUpgradeCheck = 1110;
				ORGANIZATIONNAME = "Cheyyeti venkata syam kumar";
				TargetAttributes = {
					E10C4C9325BA85CB00311613 = {
						CreatedOnToolsVersion = 11.1;
					};
					E10C4CA925BA85CD00311613 = {
						CreatedOnToolsVersion = 11.1;
						TestTargetID = E10C4C9325BA85CB00311613;
					};
					E10C4CB425BA85CD00311613 = {
						CreatedOnToolsVersion = 11.1;
						TestTargetID = E10C4C9325BA85CB00311613;
					};
				};
			};
			buildConfigurationList = E10C4C8F25BA85CB00311613 /* Build configuration list for PBXProject "textFieldTask" */;
			compatibilityVersion = "Xcode 9.3";
			developmentRegion = en;
			hasScannedForEncodings = 0;
			knownRegions = (
				en,
				Base,
			);
			mainGroup = E10C4C8B25BA85CB00311613;
			productRefGroup = E10C4C9525BA85CB00311613 /* Products */;
			projectDirPath = "";
			projectRoot = "";
			targets = (
				E10C4C9325BA85CB00311613 /* textFieldTask */,
				E10C4CA925BA85CD00311613 /* textFieldTaskTests */,
				E10C4CB425BA85CD00311613 /* textFieldTaskUITests */,
			);
		};
/* End PBXProject section */

/* Begin PBXResourcesBuildPhase section */
		E10C4C9225BA85CB00311613 /* Resources */ = {
			isa = PBXResourcesBuildPhase;
			buildActionMask = 2147483647;
			files = (
				E10C4CA425BA85CD00311613 /* LaunchScreen.storyboard in Resources */,
				E10C4CA125BA85CD00311613 /* Assets.xcassets in Resources */,
				E10C4C9F25BA85CB00311613 /* Main.storyboard in Resources */,
			);
			runOnlyForDeploymentPostprocessing = 0;
		};
		E10C4CA825BA85CD00311613 /* Resources */ = {
			isa = PBXResourcesBuildPhase;
			buildActionMask = 2147483647;
			files = (
			);
			runOnlyForDeploymentPostprocessing = 0;
		};
		E10C4CB325BA85CD00311613 /* Resources */ = {
			isa = PBXResourcesBuildPhase;
			buildActionMask = 2147483647;
			files = (
			);
			runOnlyForDeploymentPostprocessing = 0;
		};
/* End PBXResourcesBuildPhase section */

/* Begin PBXShellScriptBuildPhase section */
		7F6051FA525FDD54EBFBB63C /* [CP] Check Pods Manifest.lock */ = {
			isa = PBXShellScriptBuildPhase;
			buildActionMask = 2147483647;
			files = (
			);
			inputFileListPaths = (
			);
			inputPaths = (
				"${PODS_PODFILE_DIR_PATH}/Podfile.lock",
				"${PODS_ROOT}/Manifest.lock",
			);
			name = "[CP] Check Pods Manifest.lock";
			outputFileListPaths = (
			);
			outputPaths = (
				"$(DERIVED_FILE_DIR)/Pods-textFieldTaskTests-checkManifestLockResult.txt",
			);
			runOnlyForDeploymentPostprocessing = 0;
			shellPath = /bin/sh;
			shellScript = "diff \"${PODS_PODFILE_DIR_PATH}/Podfile.lock\" \"${PODS_ROOT}/Manifest.lock\" > /dev/null\nif [ $? != 0 ] ; then\n    # print error to STDERR\n    echo \"error: The sandbox is not in sync with the Podfile.lock. Run 'pod install' or update your CocoaPods installation.\" >&2\n    exit 1\nfi\n# This output is used by Xcode 'outputs' to avoid re-running this script phase.\necho \"SUCCESS\" > \"${SCRIPT_OUTPUT_FILE_0}\"\n";
			showEnvVarsInLog = 0;
		};
		879732E883231FAE5EB676FA /* [CP] Check Pods Manifest.lock */ = {
			isa = PBXShellScriptBuildPhase;
			buildActionMask = 2147483647;
			files = (
			);
			inputFileListPaths = (
			);
			inputPaths = (
				"${PODS_PODFILE_DIR_PATH}/Podfile.lock",
				"${PODS_ROOT}/Manifest.lock",
			);
			name = "[CP] Check Pods Manifest.lock";
			outputFileListPaths = (
			);
			outputPaths = (
				"$(DERIVED_FILE_DIR)/Pods-textFieldTask-checkManifestLockResult.txt",
			);
			runOnlyForDeploymentPostprocessing = 0;
			shellPath = /bin/sh;
			shellScript = "diff \"${PODS_PODFILE_DIR_PATH}/Podfile.lock\" \"${PODS_ROOT}/Manifest.lock\" > /dev/null\nif [ $? != 0 ] ; then\n    # print error to STDERR\n    echo \"error: The sandbox is not in sync with the Podfile.lock. Run 'pod install' or update your CocoaPods installation.\" >&2\n    exit 1\nfi\n# This output is used by Xcode 'outputs' to avoid re-running this script phase.\necho \"SUCCESS\" > \"${SCRIPT_OUTPUT_FILE_0}\"\n";
			showEnvVarsInLog = 0;
		};
		A0A51CE0DC8A727DEF328842 /* [CP] Check Pods Manifest.lock */ = {
			isa = PBXShellScriptBuildPhase;
			buildActionMask = 2147483647;
			files = (
			);
			inputFileListPaths = (
			);
			inputPaths = (
				"${PODS_PODFILE_DIR_PATH}/Podfile.lock",
				"${PODS_ROOT}/Manifest.lock",
			);
			name = "[CP] Check Pods Manifest.lock";
			outputFileListPaths = (
			);
			outputPaths = (
				"$(DERIVED_FILE_DIR)/Pods-textFieldTask-textFieldTaskUITests-checkManifestLockResult.txt",
			);
			runOnlyForDeploymentPostprocessing = 0;
			shellPath = /bin/sh;
			shellScript = "diff \"${PODS_PODFILE_DIR_PATH}/Podfile.lock\" \"${PODS_ROOT}/Manifest.lock\" > /dev/null\nif [ $? != 0 ] ; then\n    # print error to STDERR\n    echo \"error: The sandbox is not in sync with the Podfile.lock. Run 'pod install' or update your CocoaPods installation.\" >&2\n    exit 1\nfi\n# This output is used by Xcode 'outputs' to avoid re-running this script phase.\necho \"SUCCESS\" > \"${SCRIPT_OUTPUT_FILE_0}\"\n";
			showEnvVarsInLog = 0;
		};
		ADC2A5D3FFBE84F86E23EE54 /* [CP] Embed Pods Frameworks */ = {
			isa = PBXShellScriptBuildPhase;
			buildActionMask = 2147483647;
			files = (
			);
			inputFileListPaths = (
				"${PODS_ROOT}/Target Support Files/Pods-textFieldTask-textFieldTaskUITests/Pods-textFieldTask-textFieldTaskUITests-frameworks-${CONFIGURATION}-input-files.xcfilelist",
			);
			name = "[CP] Embed Pods Frameworks";
			outputFileListPaths = (
				"${PODS_ROOT}/Target Support Files/Pods-textFieldTask-textFieldTaskUITests/Pods-textFieldTask-textFieldTaskUITests-frameworks-${CONFIGURATION}-output-files.xcfilelist",
			);
			runOnlyForDeploymentPostprocessing = 0;
			shellPath = /bin/sh;
			shellScript = "\"${PODS_ROOT}/Target Support Files/Pods-textFieldTask-textFieldTaskUITests/Pods-textFieldTask-textFieldTaskUITests-frameworks.sh\"\n";
			showEnvVarsInLog = 0;
		};
		B4123BA98E50011ABCB5A8EF /* [CP] Embed Pods Frameworks */ = {
			isa = PBXShellScriptBuildPhase;
			buildActionMask = 2147483647;
			files = (
			);
			inputFileListPaths = (
				"${PODS_ROOT}/Target Support Files/Pods-textFieldTask/Pods-textFieldTask-frameworks-${CONFIGURATION}-input-files.xcfilelist",
			);
			name = "[CP] Embed Pods Frameworks";
			outputFileListPaths = (
				"${PODS_ROOT}/Target Support Files/Pods-textFieldTask/Pods-textFieldTask-frameworks-${CONFIGURATION}-output-files.xcfilelist",
			);
			runOnlyForDeploymentPostprocessing = 0;
			shellPath = /bin/sh;
			shellScript = "\"${PODS_ROOT}/Target Support Files/Pods-textFieldTask/Pods-textFieldTask-frameworks.sh\"\n";
			showEnvVarsInLog = 0;
		};
/* End PBXShellScriptBuildPhase section */

/* Begin PBXSourcesBuildPhase section */
		E10C4C9025BA85CB00311613 /* Sources */ = {
			isa = PBXSourcesBuildPhase;
			buildActionMask = 2147483647;
			files = (
				E10C4C9C25BA85CB00311613 /* ViewController.swift in Sources */,
				E10C4C9825BA85CB00311613 /* AppDelegate.swift in Sources */,
				E1298AF625BA994C002B9077 /* storedData.swift in Sources */,
				E10C4C9A25BA85CB00311613 /* SceneDelegate.swift in Sources */,
			);
			runOnlyForDeploymentPostprocessing = 0;
		};
		E10C4CA625BA85CD00311613 /* Sources */ = {
			isa = PBXSourcesBuildPhase;
			buildActionMask = 2147483647;
			files = (
				E10C4CAF25BA85CD00311613 /* textFieldTaskTests.swift in Sources */,
			);
			runOnlyForDeploymentPostprocessing = 0;
		};
		E10C4CB125BA85CD00311613 /* Sources */ = {
			isa = PBXSourcesBuildPhase;
			buildActionMask = 2147483647;
			files = (
				E10C4CBA25BA85CD00311613 /* textFieldTaskUITests.swift in Sources */,
			);
			runOnlyForDeploymentPostprocessing = 0;
		};
/* End PBXSourcesBuildPhase section */

/* Begin PBXTargetDependency section */
		E10C4CAC25BA85CD00311613 /* PBXTargetDependency */ = {
			isa = PBXTargetDependency;
			target = E10C4C9325BA85CB00311613 /* textFieldTask */;
			targetProxy = E10C4CAB25BA85CD00311613 /* PBXContainerItemProxy */;
		};
		E10C4CB725BA85CD00311613 /* PBXTargetDependency */ = {
			isa = PBXTargetDependency;
			target = E10C4C9325BA85CB00311613 /* textFieldTask */;
			targetProxy = E10C4CB625BA85CD00311613 /* PBXContainerItemProxy */;
		};
/* End PBXTargetDependency section */

/* Begin PBXVariantGroup section */
		E10C4C9D25BA85CB00311613 /* Main.storyboard */ = {
			isa = PBXVariantGroup;
			children = (
				E10C4C9E25BA85CB00311613 /* Base */,
			);
			name = Main.storyboard;
			sourceTree = "<group>";
		};
		E10C4CA225BA85CD00311613 /* LaunchScreen.storyboard */ = {
			isa = PBXVariantGroup;
			children = (
				E10C4CA325BA85CD00311613 /* Base */,
			);
			name = LaunchScreen.storyboard;
			sourceTree = "<group>";
		};
/* End PBXVariantGroup section */

/* Begin XCBuildConfiguration section */
		E10C4CBC25BA85CD00311613 /* Debug */ = {
			isa = XCBuildConfiguration;
			buildSettings = {
				ALWAYS_SEARCH_USER_PATHS = NO;
				CLANG_ANALYZER_NONNULL = YES;
				CLANG_ANALYZER_NUMBER_OBJECT_CONVERSION = YES_AGGRESSIVE;
				CLANG_CXX_LANGUAGE_STANDARD = "gnu++14";
				CLANG_CXX_LIBRARY = "libc++";
				CLANG_ENABLE_MODULES = YES;
				CLANG_ENABLE_OBJC_ARC = YES;
				CLANG_ENABLE_OBJC_WEAK = YES;
				CLANG_WARN_BLOCK_CAPTURE_AUTORELEASING = YES;
				CLANG_WARN_BOOL_CONVERSION = YES;
				CLANG_WARN_COMMA = YES;
				CLANG_WARN_CONSTANT_CONVERSION = YES;
				CLANG_WARN_DEPRECATED_OBJC_IMPLEMENTATIONS = YES;
				CLANG_WARN_DIRECT_OBJC_ISA_USAGE = YES_ERROR;
				CLANG_WARN_DOCUMENTATION_COMMENTS = YES;
				CLANG_WARN_EMPTY_BODY = YES;
				CLANG_WARN_ENUM_CONVERSION = YES;
				CLANG_WARN_INFINITE_RECURSION = YES;
				CLANG_WARN_INT_CONVERSION = YES;
				CLANG_WARN_NON_LITERAL_NULL_CONVERSION = YES;
				CLANG_WARN_OBJC_IMPLICIT_RETAIN_SELF = YES;
				CLANG_WARN_OBJC_LITERAL_CONVERSION = YES;
				CLANG_WARN_OBJC_ROOT_CLASS = YES_ERROR;
				CLANG_WARN_RANGE_LOOP_ANALYSIS = YES;
				CLANG_WARN_STRICT_PROTOTYPES = YES;
				CLANG_WARN_SUSPICIOUS_MOVE = YES;
				CLANG_WARN_UNGUARDED_AVAILABILITY = YES_AGGRESSIVE;
				CLANG_WARN_UNREACHABLE_CODE = YES;
				CLANG_WARN__DUPLICATE_METHOD_MATCH = YES;
				COPY_PHASE_STRIP = NO;
				DEBUG_INFORMATION_FORMAT = dwarf;
				ENABLE_STRICT_OBJC_MSGSEND = YES;
				ENABLE_TESTABILITY = YES;
				GCC_C_LANGUAGE_STANDARD = gnu11;
				GCC_DYNAMIC_NO_PIC = NO;
				GCC_NO_COMMON_BLOCKS = YES;
				GCC_OPTIMIZATION_LEVEL = 0;
				GCC_PREPROCESSOR_DEFINITIONS = (
					"DEBUG=1",
					"$(inherited)",
				);
				GCC_WARN_64_TO_32_BIT_CONVERSION = YES;
				GCC_WARN_ABOUT_RETURN_TYPE = YES_ERROR;
				GCC_WARN_UNDECLARED_SELECTOR = YES;
				GCC_WARN_UNINITIALIZED_AUTOS = YES_AGGRESSIVE;
				GCC_WARN_UNUSED_FUNCTION = YES;
				GCC_WARN_UNUSED_VARIABLE = YES;
				IPHONEOS_DEPLOYMENT_TARGET = 13.1;
				MTL_ENABLE_DEBUG_INFO = INCLUDE_SOURCE;
				MTL_FAST_MATH = YES;
				ONLY_ACTIVE_ARCH = YES;
				SDKROOT = iphoneos;
				SWIFT_ACTIVE_COMPILATION_CONDITIONS = DEBUG;
				SWIFT_OPTIMIZATION_LEVEL = "-Onone";
			};
			name = Debug;
		};
		E10C4CBD25BA85CD00311613 /* Release */ = {
			isa = XCBuildConfiguration;
			buildSettings = {
				ALWAYS_SEARCH_USER_PATHS = NO;
				CLANG_ANALYZER_NONNULL = YES;
				CLANG_ANALYZER_NUMBER_OBJECT_CONVERSION = YES_AGGRESSIVE;
				CLANG_CXX_LANGUAGE_STANDARD = "gnu++14";
				CLANG_CXX_LIBRARY = "libc++";
				CLANG_ENABLE_MODULES = YES;
				CLANG_ENABLE_OBJC_ARC = YES;
				CLANG_ENABLE_OBJC_WEAK = YES;
				CLANG_WARN_BLOCK_CAPTURE_AUTORELEASING = YES;
				CLANG_WARN_BOOL_CONVERSION = YES;
				CLANG_WARN_COMMA = YES;
				CLANG_WARN_CONSTANT_CONVERSION = YES;
				CLANG_WARN_DEPRECATED_OBJC_IMPLEMENTATIONS = YES;
				CLANG_WARN_DIRECT_OBJC_ISA_USAGE = YES_ERROR;
				CLANG_WARN_DOCUMENTATION_COMMENTS = YES;
				CLANG_WARN_EMPTY_BODY = YES;
				CLANG_WARN_ENUM_CONVERSION = YES;
				CLANG_WARN_INFINITE_RECURSION = YES;
				CLANG_WARN_INT_CONVERSION = YES;
				CLANG_WARN_NON_LITERAL_NULL_CONVERSION = YES;
				CLANG_WARN_OBJC_IMPLICIT_RETAIN_SELF = YES;
				CLANG_WARN_OBJC_LITERAL_CONVERSION = YES;
				CLANG_WARN_OBJC_ROOT_CLASS = YES_ERROR;
				CLANG_WARN_RANGE_LOOP_ANALYSIS = YES;
				CLANG_WARN_STRICT_PROTOTYPES = YES;
				CLANG_WARN_SUSPICIOUS_MOVE = YES;
				CLANG_WARN_UNGUARDED_AVAILABILITY = YES_AGGRESSIVE;
				CLANG_WARN_UNREACHABLE_CODE = YES;
				CLANG_WARN__DUPLICATE_METHOD_MATCH = YES;
				COPY_PHASE_STRIP = NO;
				DEBUG_INFORMATION_FORMAT = "dwarf-with-dsym";
				ENABLE_NS_ASSERTIONS = NO;
				ENABLE_STRICT_OBJC_MSGSEND = YES;
				GCC_C_LANGUAGE_STANDARD = gnu11;
				GCC_NO_COMMON_BLOCKS = YES;
				GCC_WARN_64_TO_32_BIT_CONVERSION = YES;
				GCC_WARN_ABOUT_RETURN_TYPE = YES_ERROR;
				GCC_WARN_UNDECLARED_SELECTOR = YES;
				GCC_WARN_UNINITIALIZED_AUTOS = YES_AGGRESSIVE;
				GCC_WARN_UNUSED_FUNCTION = YES;
				GCC_WARN_UNUSED_VARIABLE = YES;
				IPHONEOS_DEPLOYMENT_TARGET = 13.1;
				MTL_ENABLE_DEBUG_INFO = NO;
				MTL_FAST_MATH = YES;
				SDKROOT = iphoneos;
				SWIFT_COMPILATION_MODE = wholemodule;
				SWIFT_OPTIMIZATION_LEVEL = "-O";
				VALIDATE_PRODUCT = YES;
			};
			name = Release;
		};
		E10C4CBF25BA85CD00311613 /* Debug */ = {
			isa = XCBuildConfiguration;
			baseConfigurationReference = 34542AEA48AE744BEE71EDCA /* Pods-textFieldTask.debug.xcconfig */;
			buildSettings = {
				ASSETCATALOG_COMPILER_APPICON_NAME = AppIcon;
				CODE_SIGN_STYLE = Automatic;
				DEVELOPMENT_TEAM = QJ38K4FTCM;
				INFOPLIST_FILE = textFieldTask/Info.plist;
				LD_RUNPATH_SEARCH_PATHS = (
					"$(inherited)",
					"@executable_path/Frameworks",
				);
				PRODUCT_BUNDLE_IDENTIFIER = com.2010.chvsyamkumar.72;
				PRODUCT_NAME = "$(TARGET_NAME)";
				SWIFT_VERSION = 5.0;
				TARGETED_DEVICE_FAMILY = "1,2";
			};
			name = Debug;
		};
		E10C4CC025BA85CD00311613 /* Release */ = {
			isa = XCBuildConfiguration;
			baseConfigurationReference = 7962C96668BD15DB91F00671 /* Pods-textFieldTask.release.xcconfig */;
			buildSettings = {
				ASSETCATALOG_COMPILER_APPICON_NAME = AppIcon;
				CODE_SIGN_STYLE = Automatic;
				DEVELOPMENT_TEAM = QJ38K4FTCM;
				INFOPLIST_FILE = textFieldTask/Info.plist;
				LD_RUNPATH_SEARCH_PATHS = (
					"$(inherited)",
					"@executable_path/Frameworks",
				);
				PRODUCT_BUNDLE_IDENTIFIER = com.2010.chvsyamkumar.72;
				PRODUCT_NAME = "$(TARGET_NAME)";
				SWIFT_VERSION = 5.0;
				TARGETED_DEVICE_FAMILY = "1,2";
			};
			name = Release;
		};
		E10C4CC225BA85CD00311613 /* Debug */ = {
			isa = XCBuildConfiguration;
			baseConfigurationReference = B71E126867A01F753DEBB3D0 /* Pods-textFieldTaskTests.debug.xcconfig */;
			buildSettings = {
				ALWAYS_EMBED_SWIFT_STANDARD_LIBRARIES = YES;
				BUNDLE_LOADER = "$(TEST_HOST)";
				CODE_SIGN_STYLE = Automatic;
				DEVELOPMENT_TEAM = 7U7MU364W9;
				INFOPLIST_FILE = textFieldTaskTests/Info.plist;
				IPHONEOS_DEPLOYMENT_TARGET = 13.1;
				LD_RUNPATH_SEARCH_PATHS = (
					"$(inherited)",
					"@executable_path/Frameworks",
					"@loader_path/Frameworks",
				);
				PRODUCT_BUNDLE_IDENTIFIER = com.syam.textFieldTaskTests;
				PRODUCT_NAME = "$(TARGET_NAME)";
				SWIFT_VERSION = 5.0;
				TARGETED_DEVICE_FAMILY = "1,2";
				TEST_HOST = "$(BUILT_PRODUCTS_DIR)/textFieldTask.app/textFieldTask";
			};
			name = Debug;
		};
		E10C4CC325BA85CD00311613 /* Release */ = {
			isa = XCBuildConfiguration;
			baseConfigurationReference = 72C2C46F430981AC5BD964DA /* Pods-textFieldTaskTests.release.xcconfig */;
			buildSettings = {
				ALWAYS_EMBED_SWIFT_STANDARD_LIBRARIES = YES;
				BUNDLE_LOADER = "$(TEST_HOST)";
				CODE_SIGN_STYLE = Automatic;
				DEVELOPMENT_TEAM = 7U7MU364W9;
				INFOPLIST_FILE = textFieldTaskTests/Info.plist;
				IPHONEOS_DEPLOYMENT_TARGET = 13.1;
				LD_RUNPATH_SEARCH_PATHS = (
					"$(inherited)",
					"@executable_path/Frameworks",
					"@loader_path/Frameworks",
				);
				PRODUCT_BUNDLE_IDENTIFIER = com.syam.textFieldTaskTests;
				PRODUCT_NAME = "$(TARGET_NAME)";
				SWIFT_VERSION = 5.0;
				TARGETED_DEVICE_FAMILY = "1,2";
				TEST_HOST = "$(BUILT_PRODUCTS_DIR)/textFieldTask.app/textFieldTask";
			};
			name = Release;
		};
		E10C4CC525BA85CD00311613 /* Debug */ = {
			isa = XCBuildConfiguration;
			baseConfigurationReference = BBEFDFA740F950ADD2E3862D /* Pods-textFieldTask-textFieldTaskUITests.debug.xcconfig */;
			buildSettings = {
				ALWAYS_EMBED_SWIFT_STANDARD_LIBRARIES = YES;
				CODE_SIGN_STYLE = Automatic;
				DEVELOPMENT_TEAM = 7U7MU364W9;
				INFOPLIST_FILE = textFieldTaskUITests/Info.plist;
				LD_RUNPATH_SEARCH_PATHS = (
					"$(inherited)",
					"@executable_path/Frameworks",
					"@loader_path/Frameworks",
				);
				PRODUCT_BUNDLE_IDENTIFIER = com.syam.textFieldTaskUITests;
				PRODUCT_NAME = "$(TARGET_NAME)";
				SWIFT_VERSION = 5.0;
				TARGETED_DEVICE_FAMILY = "1,2";
				TEST_TARGET_NAME = textFieldTask;
			};
			name = Debug;
		};
		E10C4CC625BA85CD00311613 /* Release */ = {
			isa = XCBuildConfiguration;
			baseConfigurationReference = 79DC0BEBD354F1C28DA81EDE /* Pods-textFieldTask-textFieldTaskUITests.release.xcconfig */;
			buildSettings = {
				ALWAYS_EMBED_SWIFT_STANDARD_LIBRARIES = YES;
				CODE_SIGN_STYLE = Automatic;
				DEVELOPMENT_TEAM = 7U7MU364W9;
				INFOPLIST_FILE = textFieldTaskUITests/Info.plist;
				LD_RUNPATH_SEARCH_PATHS = (
					"$(inherited)",
					"@executable_path/Frameworks",
					"@loader_path/Frameworks",
				);
				PRODUCT_BUNDLE_IDENTIFIER = com.syam.textFieldTaskUITests;
				PRODUCT_NAME = "$(TARGET_NAME)";
				SWIFT_VERSION = 5.0;
				TARGETED_DEVICE_FAMILY = "1,2";
				TEST_TARGET_NAME = textFieldTask;
			};
			name = Release;
		};
/* End XCBuildConfiguration section */

/* Begin XCConfigurationList section */
		E10C4C8F25BA85CB00311613 /* Build configuration list for PBXProject "textFieldTask" */ = {
			isa = XCConfigurationList;
			buildConfigurations = (
				E10C4CBC25BA85CD00311613 /* Debug */,
				E10C4CBD25BA85CD00311613 /* Release */,
			);
			defaultConfigurationIsVisible = 0;
			defaultConfigurationName = Release;
		};
		E10C4CBE25BA85CD00311613 /* Build configuration list for PBXNativeTarget "textFieldTask" */ = {
			isa = XCConfigurationList;
			buildConfigurations = (
				E10C4CBF25BA85CD00311613 /* Debug */,
				E10C4CC025BA85CD00311613 /* Release */,
			);
			defaultConfigurationIsVisible = 0;
			defaultConfigurationName = Release;
		};
		E10C4CC125BA85CD00311613 /* Build configuration list for PBXNativeTarget "textFieldTaskTests" */ = {
			isa = XCConfigurationList;
			buildConfigurations = (
				E10C4CC225BA85CD00311613 /* Debug */,
				E10C4CC325BA85CD00311613 /* Release */,
			);
			defaultConfigurationIsVisible = 0;
			defaultConfigurationName = Release;
		};
		E10C4CC425BA85CD00311613 /* Build configuration list for PBXNativeTarget "textFieldTaskUITests" */ = {
			isa = XCConfigurationList;
			buildConfigurations = (
				E10C4CC525BA85CD00311613 /* Debug */,
				E10C4CC625BA85CD00311613 /* Release */,
			);
			defaultConfigurationIsVisible = 0;
			defaultConfigurationName = Release;
		};
/* End XCConfigurationList section */
	};
	rootObject = E10C4C8C25BA85CB00311613 /* Project object */;
}
